
Microsoft Visual Studio Solution File, Format Version 12.00
# Visual Studio Version 17
VisualStudioVersion = 17.6.33626.354
MinimumVisualStudioVersion = 10.0.40219.1
Project("{9A19103F-16F7-4668-BE54-9A1E7A4F7556}") = "APIContagem", "APIContagem.csproj", "{62184F33-323E-455A-9AEE-32710CEFD13A}"
EndProject
Global
	GlobalSection(SolutionConfigurationPlatforms) = preSolution
		Debug|Any CPU = Debug|Any CPU
		Release|Any CPU = Release|Any CPU
	EndGlobalSection
	GlobalSection(ProjectConfigurationPlatforms) = postSolution
		{62184F33-323E-455A-9AEE-32710CEFD13A}.Debug|Any CPU.ActiveCfg = Debug|Any CPU
		{62184F33-323E-455A-9AEE-32710CEFD13A}.Debug|Any CPU.Build.0 = Debug|Any CPU
		{62184F33-323E-455A-9AEE-32710CEFD13A}.Release|Any CPU.ActiveCfg = Release|Any CPU
		{62184F33-323E-455A-9AEE-32710CEFD13A}.Release|Any CPU.Build.0 = Release|Any CPU
	EndGlobalSection
	GlobalSection(SolutionProperties) = preSolution
		HideSolutionNode = FALSE
	EndGlobalSection
	GlobalSection(ExtensibilityGlobals) = postSolution
		SolutionGuid = {1DEE8028-75DD-4E5C-9646-6FA61169EB56}
	EndGlobalSection
EndGlobal
