
Microsoft Visual Studio Solution File, Format Version 12.00
# Visual Studio Version 17
VisualStudioVersion = 17.4.32804.182
MinimumVisualStudioVersion = 10.0.40219.1
Project("{9A19103F-16F7-4668-BE54-9A1E7A4F7556}") = "APIInjDependencias", "APIInjDependencias.csproj", "{8AF98200-F1FE-4C7D-AC59-268A8233F103}"
EndProject
Global
	GlobalSection(SolutionConfigurationPlatforms) = preSolution
		Debug|Any CPU = Debug|Any CPU
		Release|Any CPU = Release|Any CPU
	EndGlobalSection
	GlobalSection(ProjectConfigurationPlatforms) = postSolution
		{8AF98200-F1FE-4C7D-AC59-268A8233F103}.Debug|Any CPU.ActiveCfg = Debug|Any CPU
		{8AF98200-F1FE-4C7D-AC59-268A8233F103}.Debug|Any CPU.Build.0 = Debug|Any CPU
		{8AF98200-F1FE-4C7D-AC59-268A8233F103}.Release|Any CPU.ActiveCfg = Release|Any CPU
		{8AF98200-F1FE-4C7D-AC59-268A8233F103}.Release|Any CPU.Build.0 = Release|Any CPU
	EndGlobalSection
	GlobalSection(SolutionProperties) = preSolution
		HideSolutionNode = FALSE
	EndGlobalSection
	GlobalSection(ExtensibilityGlobals) = postSolution
		SolutionGuid = {CDEA112E-4582-4FFB-BBBF-C254D4542A7F}
	EndGlobalSection
EndGlobal
