
Microsoft Visual Studio Solution File, Format Version 12.00
# Visual Studio Version 17
VisualStudioVersion = 17.6.33626.354
MinimumVisualStudioVersion = 10.0.40219.1
Project("{9A19103F-16F7-4668-BE54-9A1E7A4F7556}") = "APIContagem", "APIContagem.csproj", "{7CC5B5CA-36B2-4F93-898F-6E1AE0630710}"
EndProject
Project("{9A19103F-16F7-4668-BE54-9A1E7A4F7556}") = "Groffe.AspNetCore.ApiKeyChecking", "..\Groffe.AspNetCore.ApiKeyChecking\Groffe.AspNetCore.ApiKeyChecking.csproj", "{CF897345-ED81-4241-B5F2-7447DCA86635}"
EndProject
Global
	GlobalSection(SolutionConfigurationPlatforms) = preSolution
		Debug|Any CPU = Debug|Any CPU
		Release|Any CPU = Release|Any CPU
	EndGlobalSection
	GlobalSection(ProjectConfigurationPlatforms) = postSolution
		{7CC5B5CA-36B2-4F93-898F-6E1AE0630710}.Debug|Any CPU.ActiveCfg = Debug|Any CPU
		{7CC5B5CA-36B2-4F93-898F-6E1AE0630710}.Debug|Any CPU.Build.0 = Debug|Any CPU
		{7CC5B5CA-36B2-4F93-898F-6E1AE0630710}.Release|Any CPU.ActiveCfg = Release|Any CPU
		{7CC5B5CA-36B2-4F93-898F-6E1AE0630710}.Release|Any CPU.Build.0 = Release|Any CPU
		{CF897345-ED81-4241-B5F2-7447DCA86635}.Debug|Any CPU.ActiveCfg = Debug|Any CPU
		{CF897345-ED81-4241-B5F2-7447DCA86635}.Debug|Any CPU.Build.0 = Debug|Any CPU
		{CF897345-ED81-4241-B5F2-7447DCA86635}.Release|Any CPU.ActiveCfg = Release|Any CPU
		{CF897345-ED81-4241-B5F2-7447DCA86635}.Release|Any CPU.Build.0 = Release|Any CPU
	EndGlobalSection
	GlobalSection(SolutionProperties) = preSolution
		HideSolutionNode = FALSE
	EndGlobalSection
	GlobalSection(ExtensibilityGlobals) = postSolution
		SolutionGuid = {D11E5419-6623-4E2C-9D33-843F1687F85E}
	EndGlobalSection
EndGlobal
