
Microsoft Visual Studio Solution File, Format Version 12.00
# Visual Studio Version 17
VisualStudioVersion = 17.6.33626.354
MinimumVisualStudioVersion = 10.0.40219.1
Project("{FAE04EC0-301F-11D3-BF4B-00C04F79EFBC}") = "APIInjDependencias", "APIInjDependencias.csproj", "{FFC32E77-00FD-48AD-B0CF-12476B2F047B}"
EndProject
Global
	GlobalSection(SolutionConfigurationPlatforms) = preSolution
		Debug|Any CPU = Debug|Any CPU
		Release|Any CPU = Release|Any CPU
	EndGlobalSection
	GlobalSection(ProjectConfigurationPlatforms) = postSolution
		{FFC32E77-00FD-48AD-B0CF-12476B2F047B}.Debug|Any CPU.ActiveCfg = Debug|Any CPU
		{FFC32E77-00FD-48AD-B0CF-12476B2F047B}.Debug|Any CPU.Build.0 = Debug|Any CPU
		{FFC32E77-00FD-48AD-B0CF-12476B2F047B}.Release|Any CPU.ActiveCfg = Release|Any CPU
		{FFC32E77-00FD-48AD-B0CF-12476B2F047B}.Release|Any CPU.Build.0 = Release|Any CPU
	EndGlobalSection
	GlobalSection(SolutionProperties) = preSolution
		HideSolutionNode = FALSE
	EndGlobalSection
	GlobalSection(ExtensibilityGlobals) = postSolution
		SolutionGuid = {6995CBF6-9F77-4C83-A711-2FA8A63C72A4}
	EndGlobalSection
EndGlobal
